
Microsoft Visual Studio Solution File, Format Version 12.00
# Visual Studio 15
VisualStudioVersion = 15.0.26730.8
MinimumVisualStudioVersion = 10.0.40219.1
Project("{FAE04EC0-301F-11D3-BF4B-00C04F79EFBC}") = "Simple Data Binding", "Simple Data Binding\Simple Data Binding.csproj", "{4226C743-6F68-44ED-8C67-39A5ED2E0BD8}"
EndProject
Global
	GlobalSection(SolutionConfigurationPlatforms) = preSolution
		Debug|Any CPU = Debug|Any CPU
		Release|Any CPU = Release|Any CPU
	EndGlobalSection
	GlobalSection(ProjectConfigurationPlatforms) = postSolution
		{4226C743-6F68-44ED-8C67-39A5ED2E0BD8}.Debug|Any CPU.ActiveCfg = Debug|Any CPU
		{4226C743-6F68-44ED-8C67-39A5ED2E0BD8}.Debug|Any CPU.Build.0 = Debug|Any CPU
		{4226C743-6F68-44ED-8C67-39A5ED2E0BD8}.Release|Any CPU.ActiveCfg = Release|Any CPU
		{4226C743-6F68-44ED-8C67-39A5ED2E0BD8}.Release|Any CPU.Build.0 = Release|Any CPU
	EndGlobalSection
	GlobalSection(SolutionProperties) = preSolution
		HideSolutionNode = FALSE
	EndGlobalSection
	GlobalSection(ExtensibilityGlobals) = postSolution
		SolutionGuid = {CFF174C2-7A87-4906-9EB5-B63B297ABF3E}
	EndGlobalSection
EndGlobal
